
Microsoft Visual Studio Solution File, Format Version 12.00
# Visual Studio Version 17
VisualStudioVersion = 17.5.002.0
MinimumVisualStudioVersion = 10.0.40219.1
Project("{9A19103F-16F7-4668-BE54-9A1E7A4F7556}") = "assignment-3", "assignment-3.csproj", "{8748DC2E-D9B7-4A8B-BC89-EEF86FF0146A}"
EndProject
Global
	GlobalSection(SolutionConfigurationPlatforms) = preSolution
		Debug|Any CPU = Debug|Any CPU
		Release|Any CPU = Release|Any CPU
	EndGlobalSection
	GlobalSection(ProjectConfigurationPlatforms) = postSolution
		{8748DC2E-D9B7-4A8B-BC89-EEF86FF0146A}.Debug|Any CPU.ActiveCfg = Debug|Any CPU
		{8748DC2E-D9B7-4A8B-BC89-EEF86FF0146A}.Debug|Any CPU.Build.0 = Debug|Any CPU
		{8748DC2E-D9B7-4A8B-BC89-EEF86FF0146A}.Release|Any CPU.ActiveCfg = Release|Any CPU
		{8748DC2E-D9B7-4A8B-BC89-EEF86FF0146A}.Release|Any CPU.Build.0 = Release|Any CPU
	EndGlobalSection
	GlobalSection(SolutionProperties) = preSolution
		HideSolutionNode = FALSE
	EndGlobalSection
	GlobalSection(ExtensibilityGlobals) = postSolution
		SolutionGuid = {706AEFA3-F363-4DE1-92E0-FA018B46366D}
	EndGlobalSection
EndGlobal
